
Microsoft Visual Studio Solution File, Format Version 12.00
# Visual Studio Version 16
VisualStudioVersion = 16.0.28803.202
MinimumVisualStudioVersion = 10.0.40219.1
Project("{FAE04EC0-301F-11D3-BF4B-00C04F79EFBC}") = "События", "События\События.csproj", "{C57298CA-EA27-4D85-9ABA-0A6BA7C9AAC3}"
EndProject
Global
	GlobalSection(SolutionConfigurationPlatforms) = preSolution
		Debug|Any CPU = Debug|Any CPU
		Release|Any CPU = Release|Any CPU
	EndGlobalSection
	GlobalSection(ProjectConfigurationPlatforms) = postSolution
		{C57298CA-EA27-4D85-9ABA-0A6BA7C9AAC3}.Debug|Any CPU.ActiveCfg = Debug|Any CPU
		{C57298CA-EA27-4D85-9ABA-0A6BA7C9AAC3}.Debug|Any CPU.Build.0 = Debug|Any CPU
		{C57298CA-EA27-4D85-9ABA-0A6BA7C9AAC3}.Release|Any CPU.ActiveCfg = Release|Any CPU
		{C57298CA-EA27-4D85-9ABA-0A6BA7C9AAC3}.Release|Any CPU.Build.0 = Release|Any CPU
	EndGlobalSection
	GlobalSection(SolutionProperties) = preSolution
		HideSolutionNode = FALSE
	EndGlobalSection
	GlobalSection(ExtensibilityGlobals) = postSolution
		SolutionGuid = {EE41A760-DCAC-402A-9B4F-4EEDBBDE31E7}
	EndGlobalSection
EndGlobal
